{
	"name": "vshaxe",
	"version": "1.10.1",
	"lockfileVersion": 1,
	"requires": true,
	"dependencies": {
		"copy-paste": {
			"version": "1.3.0",
			"resolved": "https://registry.npmjs.org/copy-paste/-/copy-paste-1.3.0.tgz",
			"integrity": "sha1-p+bEocKP3t8rCB5yuX3y75X0ce0=",
			"requires": {
				"iconv-lite": "0.4.19",
				"sync-exec": "0.6.2"
			}
		},
		"iconv-lite": {
			"version": "0.4.19",
			"resolved": "https://registry.npmjs.org/iconv-lite/-/iconv-lite-0.4.19.tgz",
			"integrity": "sha512-oTZqweIP51xaGPI4uPa56/Pri/480R+mo7SeU+YETByQNhDG55ycFyNLIgta9vXhILrxXDmF7ZGhqZIcuN0gJQ=="
		},
		"sync-exec": {
			"version": "0.6.2",
			"resolved": "https://registry.npmjs.org/sync-exec/-/sync-exec-0.6.2.tgz",
			"integrity": "sha1-cX0izFPwzh3vVZQ2LzqJouu5EQU=",
			"optional": true
		},
		"vscode-jsonrpc": {
			"version": "3.6.0",
			"resolved": "https://registry.npmjs.org/vscode-jsonrpc/-/vscode-jsonrpc-3.6.0.tgz",
			"integrity": "sha512-PqHHjuTlz3ks0vyZv3IkdduJReA/lqe6OP5zRl5nXn2ptMLW++fBotNyayyZEQLIF6nNrx/Rn6WhMSHElf02Yw=="
		},
		"vscode-languageclient": {
			"version": "4.0.0",
			"resolved": "https://registry.npmjs.org/vscode-languageclient/-/vscode-languageclient-4.0.0.tgz",
			"integrity": "sha512-wW0QguaZ11bZUclacOkCA9QjF4wzsu2hKUP62kuO1j0a1+jXcwKDtdxjyYNVki4ry8aybHPuoYpQ0eq7QVm7jQ==",
			"requires": {
				"vscode-languageserver-protocol": "3.6.0"
			}
		},
		"vscode-languageserver-protocol": {
			"version": "3.6.0",
			"resolved": "https://registry.npmjs.org/vscode-languageserver-protocol/-/vscode-languageserver-protocol-3.6.0.tgz",
			"integrity": "sha512-PN5hVQQQxrtHSZR8UCstqaoI9f2H9JctFTtdIpONWjzQNurWrc48qSXXU/vTfnbSrNou8qrJgkZ4QEZsyozOMA==",
			"requires": {
				"vscode-jsonrpc": "3.6.0",
				"vscode-languageserver-types": "3.6.1"
			}
		},
		"vscode-languageserver-types": {
			"version": "3.6.1",
			"resolved": "https://registry.npmjs.org/vscode-languageserver-types/-/vscode-languageserver-types-3.6.1.tgz",
			"integrity": "sha512-Npi3i8gUWcx5h8z5idNqPKBLJmZothXK2FSG4csEmxAR7avb8W6l9Ny+VW9yCUB3bOdD7iXfah8IO0AS1jwQmQ=="
		}
	}
}
