{
	"name": "vshaxe",
	"version": "2.4.5",
	"lockfileVersion": 1,
	"requires": true,
	"dependencies": {
		"semver": {
			"version": "5.5.1",
			"resolved": "https://registry.npmjs.org/semver/-/semver-5.5.1.tgz",
			"integrity": "sha512-PqpAxfrEhlSUWge8dwIp4tZnQ25DIOthpiaHNIthsjEFQD6EvqUKUDM7L8O2rShkFccYo1VjJR0coWfNkCubRw=="
		},
		"vscode-jsonrpc": {
			"version": "4.0.0",
			"resolved": "https://registry.npmjs.org/vscode-jsonrpc/-/vscode-jsonrpc-4.0.0.tgz",
			"integrity": "sha512-perEnXQdQOJMTDFNv+UF3h1Y0z4iSiaN9jIlb0OqIYgosPCZGYh/MCUlkFtV2668PL69lRDO32hmvL2yiidUYg=="
		},
		"vscode-languageclient": {
			"version": "5.1.0",
			"resolved": "https://registry.npmjs.org/vscode-languageclient/-/vscode-languageclient-5.1.0.tgz",
			"integrity": "sha512-Z95Kps8UqD4o17HE3uCkZuvenOsxHVH46dKmaGVpGixEFZigPaVuVxLM/JWeIY9aRenoC0ZD9CK1O7L4jpffKg==",
			"requires": {
				"semver": "5.5.1",
				"vscode-languageserver-protocol": "3.13.0"
			}
		},
		"vscode-languageserver-protocol": {
			"version": "3.13.0",
			"resolved": "https://registry.npmjs.org/vscode-languageserver-protocol/-/vscode-languageserver-protocol-3.13.0.tgz",
			"integrity": "sha512-2ZGKwI+P2ovQll2PGAp+2UfJH+FK9eait86VBUdkPd9HRlm8e58aYT9pV/NYanHOcp3pL6x2yTLVCFMcTer0mg==",
			"requires": {
				"vscode-jsonrpc": "4.0.0",
				"vscode-languageserver-types": "3.13.0"
			}
		},
		"vscode-languageserver-types": {
			"version": "3.13.0",
			"resolved": "https://registry.npmjs.org/vscode-languageserver-types/-/vscode-languageserver-types-3.13.0.tgz",
			"integrity": "sha512-BnJIxS+5+8UWiNKCP7W3g9FlE7fErFw0ofP5BXJe7c2tl0VeWh+nNHFbwAS2vmVC4a5kYxHBjRy0UeOtziemVA=="
		}
	}
}
