{
    "name": "vshaxe",
    "version": "2.2.1",
    "lockfileVersion": 1,
    "requires": true,
    "dependencies": {
        "copy-paste": {
            "version": "1.3.0",
            "resolved": "https://registry.npmjs.org/copy-paste/-/copy-paste-1.3.0.tgz",
            "integrity": "sha1-p+bEocKP3t8rCB5yuX3y75X0ce0=",
            "requires": {
                "iconv-lite": "0.4.19",
                "sync-exec": "0.6.2"
            }
        },
        "iconv-lite": {
            "version": "0.4.19",
            "resolved": "https://registry.npmjs.org/iconv-lite/-/iconv-lite-0.4.19.tgz",
            "integrity": "sha512-oTZqweIP51xaGPI4uPa56/Pri/480R+mo7SeU+YETByQNhDG55ycFyNLIgta9vXhILrxXDmF7ZGhqZIcuN0gJQ=="
        },
        "sync-exec": {
            "version": "0.6.2",
            "resolved": "https://registry.npmjs.org/sync-exec/-/sync-exec-0.6.2.tgz",
            "integrity": "sha1-cX0izFPwzh3vVZQ2LzqJouu5EQU=",
            "optional": true
        },
        "vscode-jsonrpc": {
            "version": "3.6.2",
            "resolved": "https://registry.npmjs.org/vscode-jsonrpc/-/vscode-jsonrpc-3.6.2.tgz",
            "integrity": "sha512-T24Jb5V48e4VgYliUXMnZ379ItbrXgOimweKaJshD84z+8q7ZOZjJan0MeDe+Ugb+uqERDVV8SBmemaGMSMugA=="
        },
        "vscode-languageclient": {
            "version": "4.3.0",
            "resolved": "https://registry.npmjs.org/vscode-languageclient/-/vscode-languageclient-4.3.0.tgz",
            "integrity": "sha512-vDpsmYfYpfuyDKZ46pCJEFBOCNHepRBSmlBGA0fczEbYghYm059BiFo3SmT4MK1r8NvYrFEem4k5TYNW3wommg==",
            "requires": {
                "vscode-languageserver-protocol": "3.9.0"
            }
        },
        "vscode-languageserver-protocol": {
            "version": "3.9.0",
            "resolved": "https://registry.npmjs.org/vscode-languageserver-protocol/-/vscode-languageserver-protocol-3.9.0.tgz",
            "integrity": "sha512-i1sG5iU88Mocc7egTeh6dAow/yRWpPK5PLJaxsWsKiA+dspq1Yzr/R1bNLPc+6P/ab010lXhzdUHQY0CuIUyDw==",
            "requires": {
                "vscode-jsonrpc": "3.6.2",
                "vscode-languageserver-types": "3.9.0"
            }
        },
        "vscode-languageserver-types": {
            "version": "3.9.0",
            "resolved": "https://registry.npmjs.org/vscode-languageserver-types/-/vscode-languageserver-types-3.9.0.tgz",
            "integrity": "sha512-Qzh3VsU3t0zhKtYl1revyax+4gGHl2ejNzYXeiZYQMF3i0vX4dtPohxGDFoZYfGFQI738aXYbSUQmhLeBckDlQ=="
        }
    }
}
